{
  "name": "plugin",
  "version": "1.0.0",
  "lockfileVersion": 1,
  "requires": true,
  "dependencies": {
    "events": {
      "version": "2.1.0",
      "resolved": "http://118.31.17.156:4873/events/-/events-2.1.0.tgz",
      "integrity": "sha1-KpoeGOYQbg6BKqnr1KgZs8KcC6U="
    },
    "pomelo-weixin-client": {
      "version": "1.10.0",
      "resolved": "http://118.31.17.156:4873/pomelo-weixin-client/-/pomelo-weixin-client-1.10.0.tgz",
      "integrity": "sha1-A4pQ0eZx5+sf6G6toCVOp08iP2A=",
      "requires": {
        "events": "^2.0.0"
      }
    }
  }
}
